// !$*UTF8*$!
{
	archiveVersion = 1;
	classes = {
	};
	objectVersion = 46;
	objects = {

/* Begin PBXBuildFile section */
		DD17E3841AF5F34600B2C3DF /* SystemConfiguration.framework in Frameworks */ = {isa = PBXBuildFile; fileRef = DD8D48FA1AF21D1E00811436 /* SystemConfiguration.framework */; };
		DD17E3851AF5F34E00B2C3DF /* MobileCoreServices.framework in Frameworks */ = {isa = PBXBuildFile; fileRef = DD8D48F51AF1FF7100811436 /* MobileCoreServices.framework */; };
		DD17E3861AF5F35200B2C3DF /* libxml2.dylib in Frameworks */ = {isa = PBXBuildFile; fileRef = DD8D48ED1AF1FDE400811436 /* libxml2.dylib */; };
		DD17E38A1AF6233700B2C3DF /* MBProgressHUD.m in Sources */ = {isa = PBXBuildFile; fileRef = DD17E3891AF6233700B2C3DF /* MBProgressHUD.m */; };
		DD17E38D1AF64B8800B2C3DF /* QBUser.m in Sources */ = {isa = PBXBuildFile; fileRef = DD17E38C1AF64B8800B2C3DF /* QBUser.m */; };
		DD17E3991AF6876400B2C3DF /* FacebookSDK.framework in Frameworks */ = {isa = PBXBuildFile; fileRef = DD17E3901AF6876400B2C3DF /* FacebookSDK.framework */; };
		DD17E39A1AF6876400B2C3DF /* FBAudienceNetwork.framework in Frameworks */ = {isa = PBXBuildFile; fileRef = DD17E3911AF6876400B2C3DF /* FBAudienceNetwork.framework */; };
		DD17E3A21AF68C1500B2C3DF /* FHSTwitterEngine.m in Sources */ = {isa = PBXBuildFile; fileRef = DD17E3A11AF68C1500B2C3DF /* FHSTwitterEngine.m */; };
		DD17E3A61AF68E1D00B2C3DF /* Social.framework in Frameworks */ = {isa = PBXBuildFile; fileRef = DD17E3A51AF68E1D00B2C3DF /* Social.framework */; };
		DD17E3A81AF68E3E00B2C3DF /* Accounts.framework in Frameworks */ = {isa = PBXBuildFile; fileRef = DD17E3A71AF68E3E00B2C3DF /* Accounts.framework */; };
		DD17E3AA1AF68E5A00B2C3DF /* LocalAuthentication.framework in Frameworks */ = {isa = PBXBuildFile; fileRef = DD17E3A91AF68E5A00B2C3DF /* LocalAuthentication.framework */; };
		DD17E3AC1AF68E6800B2C3DF /* Twitter.framework in Frameworks */ = {isa = PBXBuildFile; fileRef = DD17E3AB1AF68E6800B2C3DF /* Twitter.framework */; };
		DD17E3B11AF68EAE00B2C3DF /* GoogleOpenSource.framework in Frameworks */ = {isa = PBXBuildFile; fileRef = DD17E3AE1AF68EAE00B2C3DF /* GoogleOpenSource.framework */; };
		DD17E3B21AF68EAE00B2C3DF /* GooglePlus.bundle in Resources */ = {isa = PBXBuildFile; fileRef = DD17E3AF1AF68EAE00B2C3DF /* GooglePlus.bundle */; };
		DD17E3B31AF68EAE00B2C3DF /* GooglePlus.framework in Frameworks */ = {isa = PBXBuildFile; fileRef = DD17E3B01AF68EAE00B2C3DF /* GooglePlus.framework */; };
		DD17E3BC1AF6902800B2C3DF /* Accounts.framework in Frameworks */ = {isa = PBXBuildFile; fileRef = DD17E3A71AF68E3E00B2C3DF /* Accounts.framework */; };
		DD17E3BD1AF6902800B2C3DF /* AddressBook.framework in Frameworks */ = {isa = PBXBuildFile; fileRef = DD17E3B61AF68F5900B2C3DF /* AddressBook.framework */; };
		DD17E3BE1AF6902800B2C3DF /* AssetsLibrary.framework in Frameworks */ = {isa = PBXBuildFile; fileRef = DD17E3B81AF68F6700B2C3DF /* AssetsLibrary.framework */; };
		DD17E3C01AF6903600B2C3DF /* AVFoundation.framework in Frameworks */ = {isa = PBXBuildFile; fileRef = DD17E3BF1AF6903600B2C3DF /* AVFoundation.framework */; };
		DD17E3C21AF6905900B2C3DF /* MediaPlayer.framework in Frameworks */ = {isa = PBXBuildFile; fileRef = DD17E3C11AF6905900B2C3DF /* MediaPlayer.framework */; };
		DD7009521AE6902800878EE7 /* SplashVC.m in Sources */ = {isa = PBXBuildFile; fileRef = DD7009511AE6902800878EE7 /* SplashVC.m */; };
		DD7009561AE6927700878EE7 /* ExNetwork.m in Sources */ = {isa = PBXBuildFile; fileRef = DD7009551AE6927700878EE7 /* ExNetwork.m */; };
		DD7009591AE6931400878EE7 /* Reachability.m in Sources */ = {isa = PBXBuildFile; fileRef = DD7009581AE6931400878EE7 /* Reachability.m */; };
		DD70095C1AE6C58600878EE7 /* LoginVC.m in Sources */ = {isa = PBXBuildFile; fileRef = DD70095B1AE6C58600878EE7 /* LoginVC.m */; };
		DD70095F1AE6CC6F00878EE7 /* ExUILabel+AutoSize.m in Sources */ = {isa = PBXBuildFile; fileRef = DD70095E1AE6CC6F00878EE7 /* ExUILabel+AutoSize.m */; };
		DD7009621AE6DB3E00878EE7 /* ExUIView+Border.m in Sources */ = {isa = PBXBuildFile; fileRef = DD7009611AE6DB3E00878EE7 /* ExUIView+Border.m */; };
		DD7C21431AE6870D00BEB3B0 /* main.m in Sources */ = {isa = PBXBuildFile; fileRef = DD7C21421AE6870D00BEB3B0 /* main.m */; };
		DD7C21461AE6870D00BEB3B0 /* AppDelegate.m in Sources */ = {isa = PBXBuildFile; fileRef = DD7C21451AE6870D00BEB3B0 /* AppDelegate.m */; };
		DD7C214C1AE6870D00BEB3B0 /* Main.storyboard in Resources */ = {isa = PBXBuildFile; fileRef = DD7C214A1AE6870D00BEB3B0 /* Main.storyboard */; };
		DD7C214E1AE6870D00BEB3B0 /* Images.xcassets in Resources */ = {isa = PBXBuildFile; fileRef = DD7C214D1AE6870D00BEB3B0 /* Images.xcassets */; };
		DD7C21511AE6870D00BEB3B0 /* LaunchScreen.xib in Resources */ = {isa = PBXBuildFile; fileRef = DD7C214F1AE6870D00BEB3B0 /* LaunchScreen.xib */; };
		DD7C215D1AE6870D00BEB3B0 /* ShopnSocialTests.m in Sources */ = {isa = PBXBuildFile; fileRef = DD7C215C1AE6870D00BEB3B0 /* ShopnSocialTests.m */; };
		DD8D48E51AF1C8C800811436 /* Quickblox.framework in Frameworks */ = {isa = PBXBuildFile; fileRef = DD8D48E31AF1C8C800811436 /* Quickblox.framework */; };
		DD8D48EC1AF1CCB300811436 /* Country.m in Sources */ = {isa = PBXBuildFile; fileRef = DD8D48EB1AF1CCB300811436 /* Country.m */; };
		DD8D48EE1AF1FDE400811436 /* libxml2.dylib in Frameworks */ = {isa = PBXBuildFile; fileRef = DD8D48ED1AF1FDE400811436 /* libxml2.dylib */; };
		DD8D48F11AF1FE1100811436 /* libz.dylib in Frameworks */ = {isa = PBXBuildFile; fileRef = DD8D48EF1AF1FE1100811436 /* libz.dylib */; };
		DD8D48F21AF1FE1100811436 /* libresolv.dylib in Frameworks */ = {isa = PBXBuildFile; fileRef = DD8D48F01AF1FE1100811436 /* libresolv.dylib */; };
		DD8D48F61AF1FF7100811436 /* MobileCoreServices.framework in Frameworks */ = {isa = PBXBuildFile; fileRef = DD8D48F51AF1FF7100811436 /* MobileCoreServices.framework */; };
		DD8D48FB1AF21D1E00811436 /* SystemConfiguration.framework in Frameworks */ = {isa = PBXBuildFile; fileRef = DD8D48FA1AF21D1E00811436 /* SystemConfiguration.framework */; };
		DD9C85491AF4661F00E32CE3 /* User.m in Sources */ = {isa = PBXBuildFile; fileRef = DD9C85481AF4661F00E32CE3 /* User.m */; };
		DD9C854C1AF4F76000E32CE3 /* ListPopoverVC.m in Sources */ = {isa = PBXBuildFile; fileRef = DD9C854B1AF4F76000E32CE3 /* ListPopoverVC.m */; };
		DD9C854F1AF4F77900E32CE3 /* DatePopoverVC.m in Sources */ = {isa = PBXBuildFile; fileRef = DD9C854E1AF4F77900E32CE3 /* DatePopoverVC.m */; };
		DD9C85521AF521A200E32CE3 /* ExNSDate.m in Sources */ = {isa = PBXBuildFile; fileRef = DD9C85511AF521A200E32CE3 /* ExNSDate.m */; };
		DDA1E2D31AF77474001E5CC5 /* TabButton.m in Sources */ = {isa = PBXBuildFile; fileRef = DDA1E2D21AF77474001E5CC5 /* TabButton.m */; };
		DDA1E2D91AF775FB001E5CC5 /* YIInnerShadowLayer.m in Sources */ = {isa = PBXBuildFile; fileRef = DDA1E2D61AF775FB001E5CC5 /* YIInnerShadowLayer.m */; };
		DDA1E2DA1AF775FB001E5CC5 /* YIInnerShadowView.m in Sources */ = {isa = PBXBuildFile; fileRef = DDA1E2D81AF775FB001E5CC5 /* YIInnerShadowView.m */; };
		DDA1E2DE1AF78428001E5CC5 /* BrowserHomeVC.m in Sources */ = {isa = PBXBuildFile; fileRef = DDA1E2DD1AF78428001E5CC5 /* BrowserHomeVC.m */; };
		DDA1E2E31AF860ED001E5CC5 /* Global.m in Sources */ = {isa = PBXBuildFile; fileRef = DDA1E2E21AF860ED001E5CC5 /* Global.m */; };
		DDC47CC61AE784F100759DCF /* SignupVC.m in Sources */ = {isa = PBXBuildFile; fileRef = DDC47CC51AE784F100759DCF /* SignupVC.m */; };
		DDC47CCA1AE7B21D00759DCF /* privacy.html in Resources */ = {isa = PBXBuildFile; fileRef = DDC47CC81AE7B21D00759DCF /* privacy.html */; };
		DDC47CCB1AE7B21D00759DCF /* terms.html in Resources */ = {isa = PBXBuildFile; fileRef = DDC47CC91AE7B21D00759DCF /* terms.html */; };
		DDC47CCE1AE7B39800759DCF /* TermsVC.m in Sources */ = {isa = PBXBuildFile; fileRef = DDC47CCD1AE7B39800759DCF /* TermsVC.m */; };
		DDC47CD11AE7B68F00759DCF /* PrivacyVC.m in Sources */ = {isa = PBXBuildFile; fileRef = DDC47CD01AE7B68F00759DCF /* PrivacyVC.m */; };
		DDF875931AF0B731006181E5 /* ExNSString.m in Sources */ = {isa = PBXBuildFile; fileRef = DDF875921AF0B731006181E5 /* ExNSString.m */; };
/* End PBXBuildFile section */

/* Begin PBXContainerItemProxy section */
		DD7C21571AE6870D00BEB3B0 /* PBXContainerItemProxy */ = {
			isa = PBXContainerItemProxy;
			containerPortal = DD7C21351AE6870D00BEB3B0 /* Project object */;
			proxyType = 1;
			remoteGlobalIDString = DD7C213C1AE6870D00BEB3B0;
			remoteInfo = ShopnSocial;
		};
/* End PBXContainerItemProxy section */

/* Begin PBXFileReference section */
		DD17E3881AF6233700B2C3DF /* MBProgressHUD.h */ = {isa = PBXFileReference; fileEncoding = 4; lastKnownFileType = sourcecode.c.h; path = MBProgressHUD.h; sourceTree = "<group>"; };
		DD17E3891AF6233700B2C3DF /* MBProgressHUD.m */ = {isa = PBXFileReference; fileEncoding = 4; lastKnownFileType = sourcecode.c.objc; path = MBProgressHUD.m; sourceTree = "<group>"; };
		DD17E38B1AF64B8800B2C3DF /* QBUser.h */ = {isa = PBXFileReference; fileEncoding = 4; lastKnownFileType = sourcecode.c.h; path = QBUser.h; sourceTree = "<group>"; };
		DD17E38C1AF64B8800B2C3DF /* QBUser.m */ = {isa = PBXFileReference; fileEncoding = 4; lastKnownFileType = sourcecode.c.objc; path = QBUser.m; sourceTree = "<group>"; };
		DD17E3901AF6876400B2C3DF /* FacebookSDK.framework */ = {isa = PBXFileReference; lastKnownFileType = wrapper.framework; path = FacebookSDK.framework; sourceTree = "<group>"; };
		DD17E3911AF6876400B2C3DF /* FBAudienceNetwork.framework */ = {isa = PBXFileReference; lastKnownFileType = wrapper.framework; path = FBAudienceNetwork.framework; sourceTree = "<group>"; };
		DD17E3A01AF68C1500B2C3DF /* FHSTwitterEngine.h */ = {isa = PBXFileReference; fileEncoding = 4; lastKnownFileType = sourcecode.c.h; path = FHSTwitterEngine.h; sourceTree = "<group>"; };
		DD17E3A11AF68C1500B2C3DF /* FHSTwitterEngine.m */ = {isa = PBXFileReference; fileEncoding = 4; lastKnownFileType = sourcecode.c.objc; path = FHSTwitterEngine.m; sourceTree = "<group>"; };
		DD17E3A51AF68E1D00B2C3DF /* Social.framework */ = {isa = PBXFileReference; lastKnownFileType = wrapper.framework; name = Social.framework; path = System/Library/Frameworks/Social.framework; sourceTree = SDKROOT; };
		DD17E3A71AF68E3E00B2C3DF /* Accounts.framework */ = {isa = PBXFileReference; lastKnownFileType = wrapper.framework; name = Accounts.framework; path = System/Library/Frameworks/Accounts.framework; sourceTree = SDKROOT; };
		DD17E3A91AF68E5A00B2C3DF /* LocalAuthentication.framework */ = {isa = PBXFileReference; lastKnownFileType = wrapper.framework; name = LocalAuthentication.framework; path = System/Library/Frameworks/LocalAuthentication.framework; sourceTree = SDKROOT; };
		DD17E3AB1AF68E6800B2C3DF /* Twitter.framework */ = {isa = PBXFileReference; lastKnownFileType = wrapper.framework; name = Twitter.framework; path = System/Library/Frameworks/Twitter.framework; sourceTree = SDKROOT; };
		DD17E3AE1AF68EAE00B2C3DF /* GoogleOpenSource.framework */ = {isa = PBXFileReference; lastKnownFileType = wrapper.framework; path = GoogleOpenSource.framework; sourceTree = "<group>"; };
		DD17E3AF1AF68EAE00B2C3DF /* GooglePlus.bundle */ = {isa = PBXFileReference; lastKnownFileType = "wrapper.plug-in"; path = GooglePlus.bundle; sourceTree = "<group>"; };
		DD17E3B01AF68EAE00B2C3DF /* GooglePlus.framework */ = {isa = PBXFileReference; lastKnownFileType = wrapper.framework; path = GooglePlus.framework; sourceTree = "<group>"; };
		DD17E3B61AF68F5900B2C3DF /* AddressBook.framework */ = {isa = PBXFileReference; lastKnownFileType = wrapper.framework; name = AddressBook.framework; path = System/Library/Frameworks/AddressBook.framework; sourceTree = SDKROOT; };
		DD17E3B81AF68F6700B2C3DF /* AssetsLibrary.framework */ = {isa = PBXFileReference; lastKnownFileType = wrapper.framework; name = AssetsLibrary.framework; path = System/Library/Frameworks/AssetsLibrary.framework; sourceTree = SDKROOT; };
		DD17E3BA1AF68F7200B2C3DF /* StoreKit.framework */ = {isa = PBXFileReference; lastKnownFileType = wrapper.framework; name = StoreKit.framework; path = System/Library/Frameworks/StoreKit.framework; sourceTree = SDKROOT; };
		DD17E3BF1AF6903600B2C3DF /* AVFoundation.framework */ = {isa = PBXFileReference; lastKnownFileType = wrapper.framework; name = AVFoundation.framework; path = System/Library/Frameworks/AVFoundation.framework; sourceTree = SDKROOT; };
		DD17E3C11AF6905900B2C3DF /* MediaPlayer.framework */ = {isa = PBXFileReference; lastKnownFileType = wrapper.framework; name = MediaPlayer.framework; path = System/Library/Frameworks/MediaPlayer.framework; sourceTree = SDKROOT; };
		DD7009501AE6902800878EE7 /* SplashVC.h */ = {isa = PBXFileReference; fileEncoding = 4; lastKnownFileType = sourcecode.c.h; path = SplashVC.h; sourceTree = "<group>"; };
		DD7009511AE6902800878EE7 /* SplashVC.m */ = {isa = PBXFileReference; fileEncoding = 4; lastKnownFileType = sourcecode.c.objc; path = SplashVC.m; sourceTree = "<group>"; };
		DD7009541AE6927700878EE7 /* ExNetwork.h */ = {isa = PBXFileReference; fileEncoding = 4; lastKnownFileType = sourcecode.c.h; path = ExNetwork.h; sourceTree = "<group>"; };
		DD7009551AE6927700878EE7 /* ExNetwork.m */ = {isa = PBXFileReference; fileEncoding = 4; lastKnownFileType = sourcecode.c.objc; path = ExNetwork.m; sourceTree = "<group>"; };
		DD7009571AE6931400878EE7 /* Reachability.h */ = {isa = PBXFileReference; fileEncoding = 4; lastKnownFileType = sourcecode.c.h; path = Reachability.h; sourceTree = "<group>"; };
		DD7009581AE6931400878EE7 /* Reachability.m */ = {isa = PBXFileReference; fileEncoding = 4; lastKnownFileType = sourcecode.c.objc; path = Reachability.m; sourceTree = "<group>"; };
		DD70095A1AE6C58600878EE7 /* LoginVC.h */ = {isa = PBXFileReference; fileEncoding = 4; lastKnownFileType = sourcecode.c.h; path = LoginVC.h; sourceTree = "<group>"; };
		DD70095B1AE6C58600878EE7 /* LoginVC.m */ = {isa = PBXFileReference; fileEncoding = 4; lastKnownFileType = sourcecode.c.objc; path = LoginVC.m; sourceTree = "<group>"; };
		DD70095D1AE6CC6F00878EE7 /* ExUILabel+AutoSize.h */ = {isa = PBXFileReference; fileEncoding = 4; lastKnownFileType = sourcecode.c.h; path = "ExUILabel+AutoSize.h"; sourceTree = "<group>"; };
		DD70095E1AE6CC6F00878EE7 /* ExUILabel+AutoSize.m */ = {isa = PBXFileReference; fileEncoding = 4; lastKnownFileType = sourcecode.c.objc; path = "ExUILabel+AutoSize.m"; sourceTree = "<group>"; };
		DD7009601AE6DB3E00878EE7 /* ExUIView+Border.h */ = {isa = PBXFileReference; fileEncoding = 4; lastKnownFileType = sourcecode.c.h; path = "ExUIView+Border.h"; sourceTree = "<group>"; };
		DD7009611AE6DB3E00878EE7 /* ExUIView+Border.m */ = {isa = PBXFileReference; fileEncoding = 4; lastKnownFileType = sourcecode.c.objc; path = "ExUIView+Border.m"; sourceTree = "<group>"; };
		DD7C213D1AE6870D00BEB3B0 /* ShopnSocial.app */ = {isa = PBXFileReference; explicitFileType = wrapper.application; includeInIndex = 0; path = ShopnSocial.app; sourceTree = BUILT_PRODUCTS_DIR; };
		DD7C21411AE6870D00BEB3B0 /* Info.plist */ = {isa = PBXFileReference; lastKnownFileType = text.plist.xml; path = Info.plist; sourceTree = "<group>"; };
		DD7C21421AE6870D00BEB3B0 /* main.m */ = {isa = PBXFileReference; lastKnownFileType = sourcecode.c.objc; path = main.m; sourceTree = "<group>"; };
		DD7C21441AE6870D00BEB3B0 /* AppDelegate.h */ = {isa = PBXFileReference; lastKnownFileType = sourcecode.c.h; path = AppDelegate.h; sourceTree = "<group>"; };
		DD7C21451AE6870D00BEB3B0 /* AppDelegate.m */ = {isa = PBXFileReference; lastKnownFileType = sourcecode.c.objc; path = AppDelegate.m; sourceTree = "<group>"; };
		DD7C214B1AE6870D00BEB3B0 /* Base */ = {isa = PBXFileReference; lastKnownFileType = file.storyboard; name = Base; path = Base.lproj/Main.storyboard; sourceTree = "<group>"; };
		DD7C214D1AE6870D00BEB3B0 /* Images.xcassets */ = {isa = PBXFileReference; lastKnownFileType = folder.assetcatalog; path = Images.xcassets; sourceTree = "<group>"; };
		DD7C21501AE6870D00BEB3B0 /* Base */ = {isa = PBXFileReference; lastKnownFileType = file.xib; name = Base; path = Base.lproj/LaunchScreen.xib; sourceTree = "<group>"; };
		DD7C21561AE6870D00BEB3B0 /* ShopnSocialTests.xctest */ = {isa = PBXFileReference; explicitFileType = wrapper.cfbundle; includeInIndex = 0; path = ShopnSocialTests.xctest; sourceTree = BUILT_PRODUCTS_DIR; };
		DD7C215B1AE6870D00BEB3B0 /* Info.plist */ = {isa = PBXFileReference; lastKnownFileType = text.plist.xml; path = Info.plist; sourceTree = "<group>"; };
		DD7C215C1AE6870D00BEB3B0 /* ShopnSocialTests.m */ = {isa = PBXFileReference; lastKnownFileType = sourcecode.c.objc; path = ShopnSocialTests.m; sourceTree = "<group>"; };
		DD8D48E31AF1C8C800811436 /* Quickblox.framework */ = {isa = PBXFileReference; lastKnownFileType = wrapper.framework; path = Quickblox.framework; sourceTree = "<group>"; };
		DD8D48EA1AF1CCB300811436 /* Country.h */ = {isa = PBXFileReference; fileEncoding = 4; lastKnownFileType = sourcecode.c.h; path = Country.h; sourceTree = "<group>"; };
		DD8D48EB1AF1CCB300811436 /* Country.m */ = {isa = PBXFileReference; fileEncoding = 4; lastKnownFileType = sourcecode.c.objc; path = Country.m; sourceTree = "<group>"; };
		DD8D48ED1AF1FDE400811436 /* libxml2.dylib */ = {isa = PBXFileReference; lastKnownFileType = "compiled.mach-o.dylib"; name = libxml2.dylib; path = usr/lib/libxml2.dylib; sourceTree = SDKROOT; };
		DD8D48EF1AF1FE1100811436 /* libz.dylib */ = {isa = PBXFileReference; lastKnownFileType = "compiled.mach-o.dylib"; name = libz.dylib; path = usr/lib/libz.dylib; sourceTree = SDKROOT; };
		DD8D48F01AF1FE1100811436 /* libresolv.dylib */ = {isa = PBXFileReference; lastKnownFileType = "compiled.mach-o.dylib"; name = libresolv.dylib; path = usr/lib/libresolv.dylib; sourceTree = SDKROOT; };
		DD8D48F51AF1FF7100811436 /* MobileCoreServices.framework */ = {isa = PBXFileReference; lastKnownFileType = wrapper.framework; name = MobileCoreServices.framework; path = System/Library/Frameworks/MobileCoreServices.framework; sourceTree = SDKROOT; };
		DD8D48FA1AF21D1E00811436 /* SystemConfiguration.framework */ = {isa = PBXFileReference; lastKnownFileType = wrapper.framework; name = SystemConfiguration.framework; path = System/Library/Frameworks/SystemConfiguration.framework; sourceTree = SDKROOT; };
		DD9C85471AF4661F00E32CE3 /* User.h */ = {isa = PBXFileReference; fileEncoding = 4; lastKnownFileType = sourcecode.c.h; path = User.h; sourceTree = "<group>"; };
		DD9C85481AF4661F00E32CE3 /* User.m */ = {isa = PBXFileReference; fileEncoding = 4; lastKnownFileType = sourcecode.c.objc; path = User.m; sourceTree = "<group>"; };
		DD9C854A1AF4F76000E32CE3 /* ListPopoverVC.h */ = {isa = PBXFileReference; fileEncoding = 4; lastKnownFileType = sourcecode.c.h; path = ListPopoverVC.h; sourceTree = "<group>"; };
		DD9C854B1AF4F76000E32CE3 /* ListPopoverVC.m */ = {isa = PBXFileReference; fileEncoding = 4; lastKnownFileType = sourcecode.c.objc; path = ListPopoverVC.m; sourceTree = "<group>"; };
		DD9C854D1AF4F77900E32CE3 /* DatePopoverVC.h */ = {isa = PBXFileReference; fileEncoding = 4; lastKnownFileType = sourcecode.c.h; path = DatePopoverVC.h; sourceTree = "<group>"; };
		DD9C854E1AF4F77900E32CE3 /* DatePopoverVC.m */ = {isa = PBXFileReference; fileEncoding = 4; lastKnownFileType = sourcecode.c.objc; path = DatePopoverVC.m; sourceTree = "<group>"; };
		DD9C85501AF521A200E32CE3 /* ExNSDate.h */ = {isa = PBXFileReference; fileEncoding = 4; lastKnownFileType = sourcecode.c.h; path = ExNSDate.h; sourceTree = "<group>"; };
		DD9C85511AF521A200E32CE3 /* ExNSDate.m */ = {isa = PBXFileReference; fileEncoding = 4; lastKnownFileType = sourcecode.c.objc; path = ExNSDate.m; sourceTree = "<group>"; };
		DDA1E2D11AF77474001E5CC5 /* TabButton.h */ = {isa = PBXFileReference; fileEncoding = 4; lastKnownFileType = sourcecode.c.h; path = TabButton.h; sourceTree = "<group>"; };
		DDA1E2D21AF77474001E5CC5 /* TabButton.m */ = {isa = PBXFileReference; fileEncoding = 4; lastKnownFileType = sourcecode.c.objc; path = TabButton.m; sourceTree = "<group>"; };
		DDA1E2D51AF775FB001E5CC5 /* YIInnerShadowLayer.h */ = {isa = PBXFileReference; fileEncoding = 4; lastKnownFileType = sourcecode.c.h; path = YIInnerShadowLayer.h; sourceTree = "<group>"; };
		DDA1E2D61AF775FB001E5CC5 /* YIInnerShadowLayer.m */ = {isa = PBXFileReference; fileEncoding = 4; lastKnownFileType = sourcecode.c.objc; path = YIInnerShadowLayer.m; sourceTree = "<group>"; };
		DDA1E2D71AF775FB001E5CC5 /* YIInnerShadowView.h */ = {isa = PBXFileReference; fileEncoding = 4; lastKnownFileType = sourcecode.c.h; path = YIInnerShadowView.h; sourceTree = "<group>"; };
		DDA1E2D81AF775FB001E5CC5 /* YIInnerShadowView.m */ = {isa = PBXFileReference; fileEncoding = 4; lastKnownFileType = sourcecode.c.objc; path = YIInnerShadowView.m; sourceTree = "<group>"; };
		DDA1E2DC1AF78428001E5CC5 /* BrowserHomeVC.h */ = {isa = PBXFileReference; fileEncoding = 4; lastKnownFileType = sourcecode.c.h; path = BrowserHomeVC.h; sourceTree = "<group>"; };
		DDA1E2DD1AF78428001E5CC5 /* BrowserHomeVC.m */ = {isa = PBXFileReference; fileEncoding = 4; lastKnownFileType = sourcecode.c.objc; path = BrowserHomeVC.m; sourceTree = "<group>"; };
		DDA1E2E01AF860DC001E5CC5 /* Constants.h */ = {isa = PBXFileReference; fileEncoding = 4; lastKnownFileType = sourcecode.c.h; path = Constants.h; sourceTree = "<group>"; };
		DDA1E2E11AF860ED001E5CC5 /* Global.h */ = {isa = PBXFileReference; fileEncoding = 4; lastKnownFileType = sourcecode.c.h; path = Global.h; sourceTree = "<group>"; };
		DDA1E2E21AF860ED001E5CC5 /* Global.m */ = {isa = PBXFileReference; fileEncoding = 4; lastKnownFileType = sourcecode.c.objc; path = Global.m; sourceTree = "<group>"; };
		DDC47CC41AE784F100759DCF /* SignupVC.h */ = {isa = PBXFileReference; fileEncoding = 4; lastKnownFileType = sourcecode.c.h; path = SignupVC.h; sourceTree = "<group>"; };
		DDC47CC51AE784F100759DCF /* SignupVC.m */ = {isa = PBXFileReference; fileEncoding = 4; lastKnownFileType = sourcecode.c.objc; path = SignupVC.m; sourceTree = "<group>"; };
		DDC47CC81AE7B21D00759DCF /* privacy.html */ = {isa = PBXFileReference; fileEncoding = 4; lastKnownFileType = text.html; path = privacy.html; sourceTree = "<group>"; };
		DDC47CC91AE7B21D00759DCF /* terms.html */ = {isa = PBXFileReference; fileEncoding = 4; lastKnownFileType = text.html; path = terms.html; sourceTree = "<group>"; };
		DDC47CCC1AE7B39800759DCF /* TermsVC.h */ = {isa = PBXFileReference; fileEncoding = 4; lastKnownFileType = sourcecode.c.h; path = TermsVC.h; sourceTree = "<group>"; };
		DDC47CCD1AE7B39800759DCF /* TermsVC.m */ = {isa = PBXFileReference; fileEncoding = 4; lastKnownFileType = sourcecode.c.objc; path = TermsVC.m; sourceTree = "<group>"; };
		DDC47CCF1AE7B68F00759DCF /* PrivacyVC.h */ = {isa = PBXFileReference; fileEncoding = 4; lastKnownFileType = sourcecode.c.h; path = PrivacyVC.h; sourceTree = "<group>"; };
		DDC47CD01AE7B68F00759DCF /* PrivacyVC.m */ = {isa = PBXFileReference; fileEncoding = 4; lastKnownFileType = sourcecode.c.objc; path = PrivacyVC.m; sourceTree = "<group>"; };
		DDF875911AF0B731006181E5 /* ExNSString.h */ = {isa = PBXFileReference; fileEncoding = 4; lastKnownFileType = sourcecode.c.h; path = ExNSString.h; sourceTree = "<group>"; };
		DDF875921AF0B731006181E5 /* ExNSString.m */ = {isa = PBXFileReference; fileEncoding = 4; lastKnownFileType = sourcecode.c.objc; path = ExNSString.m; sourceTree = "<group>"; };
/* End PBXFileReference section */

/* Begin PBXFrameworksBuildPhase section */
		DD7C213A1AE6870D00BEB3B0 /* Frameworks */ = {
			isa = PBXFrameworksBuildPhase;
			buildActionMask = 2147483647;
			files = (
				DD17E3C21AF6905900B2C3DF /* MediaPlayer.framework in Frameworks */,
				DD17E3C01AF6903600B2C3DF /* AVFoundation.framework in Frameworks */,
				DD17E3BC1AF6902800B2C3DF /* Accounts.framework in Frameworks */,
				DD17E3BD1AF6902800B2C3DF /* AddressBook.framework in Frameworks */,
				DD17E3BE1AF6902800B2C3DF /* AssetsLibrary.framework in Frameworks */,
				DD8D48FB1AF21D1E00811436 /* SystemConfiguration.framework in Frameworks */,
				DD8D48F61AF1FF7100811436 /* MobileCoreServices.framework in Frameworks */,
				DD8D48EE1AF1FDE400811436 /* libxml2.dylib in Frameworks */,
				DD8D48F11AF1FE1100811436 /* libz.dylib in Frameworks */,
				DD8D48E51AF1C8C800811436 /* Quickblox.framework in Frameworks */,
				DD17E3B31AF68EAE00B2C3DF /* GooglePlus.framework in Frameworks */,
				DD17E3991AF6876400B2C3DF /* FacebookSDK.framework in Frameworks */,
				DD17E39A1AF6876400B2C3DF /* FBAudienceNetwork.framework in Frameworks */,
				DD17E3B11AF68EAE00B2C3DF /* GoogleOpenSource.framework in Frameworks */,
				DD8D48F21AF1FE1100811436 /* libresolv.dylib in Frameworks */,
			);
			runOnlyForDeploymentPostprocessing = 0;
		};
		DD7C21531AE6870D00BEB3B0 /* Frameworks */ = {
			isa = PBXFrameworksBuildPhase;
			buildActionMask = 2147483647;
			files = (
				DD17E3AC1AF68E6800B2C3DF /* Twitter.framework in Frameworks */,
				DD17E3AA1AF68E5A00B2C3DF /* LocalAuthentication.framework in Frameworks */,
				DD17E3A81AF68E3E00B2C3DF /* Accounts.framework in Frameworks */,
				DD17E3A61AF68E1D00B2C3DF /* Social.framework in Frameworks */,
				DD17E3861AF5F35200B2C3DF /* libxml2.dylib in Frameworks */,
				DD17E3851AF5F34E00B2C3DF /* MobileCoreServices.framework in Frameworks */,
				DD17E3841AF5F34600B2C3DF /* SystemConfiguration.framework in Frameworks */,
			);
			runOnlyForDeploymentPostprocessing = 0;
		};
/* End PBXFrameworksBuildPhase section */

/* Begin PBXGroup section */
		DD17E3871AF6233700B2C3DF /* MBProgressHUD */ = {
			isa = PBXGroup;
			children = (
				DD17E3881AF6233700B2C3DF /* MBProgressHUD.h */,
				DD17E3891AF6233700B2C3DF /* MBProgressHUD.m */,
			);
			path = MBProgressHUD;
			sourceTree = "<group>";
		};
		DD17E38E1AF6876400B2C3DF /* FacebookSDK */ = {
			isa = PBXGroup;
			children = (
				DD17E3901AF6876400B2C3DF /* FacebookSDK.framework */,
				DD17E3911AF6876400B2C3DF /* FBAudienceNetwork.framework */,
			);
			path = FacebookSDK;
			sourceTree = "<group>";
		};
		DD17E3961AF6876400B2C3DF /* TwitterSDK */ = {
			isa = PBXGroup;
			children = (
				DD17E39F1AF68C1500B2C3DF /* FHSTwitterEngine */,
			);
			path = TwitterSDK;
			sourceTree = "<group>";
		};
		DD17E39F1AF68C1500B2C3DF /* FHSTwitterEngine */ = {
			isa = PBXGroup;
			children = (
				DD17E3A01AF68C1500B2C3DF /* FHSTwitterEngine.h */,
				DD17E3A11AF68C1500B2C3DF /* FHSTwitterEngine.m */,
			);
			path = FHSTwitterEngine;
			sourceTree = "<group>";
		};
		DD17E3AD1AF68EAE00B2C3DF /* GoogleSDK */ = {
			isa = PBXGroup;
			children = (
				DD17E3AE1AF68EAE00B2C3DF /* GoogleOpenSource.framework */,
				DD17E3AF1AF68EAE00B2C3DF /* GooglePlus.bundle */,
				DD17E3B01AF68EAE00B2C3DF /* GooglePlus.framework */,
			);
			path = GoogleSDK;
			sourceTree = "<group>";
		};
		DD70094E1AE68F5E00878EE7 /* ViewController */ = {
			isa = PBXGroup;
			children = (
				DDA1E2DB1AF7840B001E5CC5 /* Browser */,
				DD70094F1AE6900800878EE7 /* Launch */,
			);
			path = ViewController;
			sourceTree = "<group>";
		};
		DD70094F1AE6900800878EE7 /* Launch */ = {
			isa = PBXGroup;
			children = (
				DDC47CCF1AE7B68F00759DCF /* PrivacyVC.h */,
				DDC47CD01AE7B68F00759DCF /* PrivacyVC.m */,
				DD7009501AE6902800878EE7 /* SplashVC.h */,
				DD7009511AE6902800878EE7 /* SplashVC.m */,
				DD70095A1AE6C58600878EE7 /* LoginVC.h */,
				DD70095B1AE6C58600878EE7 /* LoginVC.m */,
				DDC47CC41AE784F100759DCF /* SignupVC.h */,
				DDC47CC51AE784F100759DCF /* SignupVC.m */,
				DDC47CCC1AE7B39800759DCF /* TermsVC.h */,
				DDC47CCD1AE7B39800759DCF /* TermsVC.m */,
				DD9C854A1AF4F76000E32CE3 /* ListPopoverVC.h */,
				DD9C854B1AF4F76000E32CE3 /* ListPopoverVC.m */,
				DD9C854D1AF4F77900E32CE3 /* DatePopoverVC.h */,
				DD9C854E1AF4F77900E32CE3 /* DatePopoverVC.m */,
			);
			path = Launch;
			sourceTree = "<group>";
		};
		DD7009531AE690AD00878EE7 /* Utilities */ = {
			isa = PBXGroup;
			children = (
				DDA1E2D41AF775FB001E5CC5 /* YIInnerShadow */,
				DDA1E2D01AF77474001E5CC5 /* TabButton */,
				DD17E3871AF6233700B2C3DF /* MBProgressHUD */,
				DD7009571AE6931400878EE7 /* Reachability.h */,
				DD7009581AE6931400878EE7 /* Reachability.m */,
				DD7009541AE6927700878EE7 /* ExNetwork.h */,
				DD7009551AE6927700878EE7 /* ExNetwork.m */,
				DD70095D1AE6CC6F00878EE7 /* ExUILabel+AutoSize.h */,
				DD70095E1AE6CC6F00878EE7 /* ExUILabel+AutoSize.m */,
				DD7009601AE6DB3E00878EE7 /* ExUIView+Border.h */,
				DD7009611AE6DB3E00878EE7 /* ExUIView+Border.m */,
				DDF875911AF0B731006181E5 /* ExNSString.h */,
				DDF875921AF0B731006181E5 /* ExNSString.m */,
				DD9C85501AF521A200E32CE3 /* ExNSDate.h */,
				DD9C85511AF521A200E32CE3 /* ExNSDate.m */,
			);
			path = Utilities;
			sourceTree = "<group>";
		};
		DD7C21341AE6870D00BEB3B0 = {
			isa = PBXGroup;
			children = (
				DD7C213F1AE6870D00BEB3B0 /* ShopnSocial */,
				DD7C21591AE6870D00BEB3B0 /* ShopnSocialTests */,
				DD7C213E1AE6870D00BEB3B0 /* Products */,
			);
			sourceTree = "<group>";
		};
		DD7C213E1AE6870D00BEB3B0 /* Products */ = {
			isa = PBXGroup;
			children = (
				DD7C213D1AE6870D00BEB3B0 /* ShopnSocial.app */,
				DD7C21561AE6870D00BEB3B0 /* ShopnSocialTests.xctest */,
			);
			name = Products;
			sourceTree = "<group>";
		};
		DD7C213F1AE6870D00BEB3B0 /* ShopnSocial */ = {
			isa = PBXGroup;
			children = (
				DD8D48E21AF1C8BB00811436 /* Frameworks */,
				DDC47CC71AE7B21200759DCF /* Resource */,
				DDA1E2DF1AF860DC001E5CC5 /* Global */,
				DD7009531AE690AD00878EE7 /* Utilities */,
				DD8D48E71AF1CAA500811436 /* Models */,
				DD70094E1AE68F5E00878EE7 /* ViewController */,
				DD7C21441AE6870D00BEB3B0 /* AppDelegate.h */,
				DD7C21451AE6870D00BEB3B0 /* AppDelegate.m */,
				DD7C214A1AE6870D00BEB3B0 /* Main.storyboard */,
				DD7C214D1AE6870D00BEB3B0 /* Images.xcassets */,
				DD7C214F1AE6870D00BEB3B0 /* LaunchScreen.xib */,
				DD7C21401AE6870D00BEB3B0 /* Supporting Files */,
			);
			path = ShopnSocial;
			sourceTree = "<group>";
		};
		DD7C21401AE6870D00BEB3B0 /* Supporting Files */ = {
			isa = PBXGroup;
			children = (
				DD7C21411AE6870D00BEB3B0 /* Info.plist */,
				DD7C21421AE6870D00BEB3B0 /* main.m */,
			);
			name = "Supporting Files";
			sourceTree = "<group>";
		};
		DD7C21591AE6870D00BEB3B0 /* ShopnSocialTests */ = {
			isa = PBXGroup;
			children = (
				DD7C215C1AE6870D00BEB3B0 /* ShopnSocialTests.m */,
				DD7C215A1AE6870D00BEB3B0 /* Supporting Files */,
			);
			path = ShopnSocialTests;
			sourceTree = "<group>";
		};
		DD7C215A1AE6870D00BEB3B0 /* Supporting Files */ = {
			isa = PBXGroup;
			children = (
				DD7C215B1AE6870D00BEB3B0 /* Info.plist */,
			);
			name = "Supporting Files";
			sourceTree = "<group>";
		};
		DD8D48E21AF1C8BB00811436 /* Frameworks */ = {
			isa = PBXGroup;
			children = (
				DD17E3AD1AF68EAE00B2C3DF /* GoogleSDK */,
				DD17E38E1AF6876400B2C3DF /* FacebookSDK */,
				DD17E3961AF6876400B2C3DF /* TwitterSDK */,
				DD17E3C11AF6905900B2C3DF /* MediaPlayer.framework */,
				DD17E3BF1AF6903600B2C3DF /* AVFoundation.framework */,
				DD17E3BA1AF68F7200B2C3DF /* StoreKit.framework */,
				DD17E3B81AF68F6700B2C3DF /* AssetsLibrary.framework */,
				DD17E3B61AF68F5900B2C3DF /* AddressBook.framework */,
				DD17E3AB1AF68E6800B2C3DF /* Twitter.framework */,
				DD17E3A91AF68E5A00B2C3DF /* LocalAuthentication.framework */,
				DD17E3A71AF68E3E00B2C3DF /* Accounts.framework */,
				DD17E3A51AF68E1D00B2C3DF /* Social.framework */,
				DD8D48FA1AF21D1E00811436 /* SystemConfiguration.framework */,
				DD8D48F51AF1FF7100811436 /* MobileCoreServices.framework */,
				DD8D48E31AF1C8C800811436 /* Quickblox.framework */,
				DD8D48EF1AF1FE1100811436 /* libz.dylib */,
				DD8D48F01AF1FE1100811436 /* libresolv.dylib */,
				DD8D48ED1AF1FDE400811436 /* libxml2.dylib */,
			);
			path = Frameworks;
			sourceTree = "<group>";
		};
		DD8D48E71AF1CAA500811436 /* Models */ = {
			isa = PBXGroup;
			children = (
				DD8D48EA1AF1CCB300811436 /* Country.h */,
				DD8D48EB1AF1CCB300811436 /* Country.m */,
				DD9C85471AF4661F00E32CE3 /* User.h */,
				DD9C85481AF4661F00E32CE3 /* User.m */,
				DD17E38B1AF64B8800B2C3DF /* QBUser.h */,
				DD17E38C1AF64B8800B2C3DF /* QBUser.m */,
			);
			path = Models;
			sourceTree = "<group>";
		};
		DDA1E2D01AF77474001E5CC5 /* TabButton */ = {
			isa = PBXGroup;
			children = (
				DDA1E2D11AF77474001E5CC5 /* TabButton.h */,
				DDA1E2D21AF77474001E5CC5 /* TabButton.m */,
			);
			path = TabButton;
			sourceTree = "<group>";
		};
		DDA1E2D41AF775FB001E5CC5 /* YIInnerShadow */ = {
			isa = PBXGroup;
			children = (
				DDA1E2D51AF775FB001E5CC5 /* YIInnerShadowLayer.h */,
				DDA1E2D61AF775FB001E5CC5 /* YIInnerShadowLayer.m */,
				DDA1E2D71AF775FB001E5CC5 /* YIInnerShadowView.h */,
				DDA1E2D81AF775FB001E5CC5 /* YIInnerShadowView.m */,
			);
			path = YIInnerShadow;
			sourceTree = "<group>";
		};
		DDA1E2DB1AF7840B001E5CC5 /* Browser */ = {
			isa = PBXGroup;
			children = (
				DDA1E2DC1AF78428001E5CC5 /* BrowserHomeVC.h */,
				DDA1E2DD1AF78428001E5CC5 /* BrowserHomeVC.m */,
			);
			path = Browser;
			sourceTree = "<group>";
		};
		DDA1E2DF1AF860DC001E5CC5 /* Global */ = {
			isa = PBXGroup;
			children = (
				DDA1E2E01AF860DC001E5CC5 /* Constants.h */,
				DDA1E2E11AF860ED001E5CC5 /* Global.h */,
				DDA1E2E21AF860ED001E5CC5 /* Global.m */,
			);
			path = Global;
			sourceTree = "<group>";
		};
		DDC47CC71AE7B21200759DCF /* Resource */ = {
			isa = PBXGroup;
			children = (
				DDC47CC81AE7B21D00759DCF /* privacy.html */,
				DDC47CC91AE7B21D00759DCF /* terms.html */,
			);
			path = Resource;
			sourceTree = "<group>";
		};
/* End PBXGroup section */

/* Begin PBXNativeTarget section */
		DD7C213C1AE6870D00BEB3B0 /* ShopnSocial */ = {
			isa = PBXNativeTarget;
			buildConfigurationList = DD7C21601AE6870D00BEB3B0 /* Build configuration list for PBXNativeTarget "ShopnSocial" */;
			buildPhases = (
				DD7C21391AE6870D00BEB3B0 /* Sources */,
				DD7C213A1AE6870D00BEB3B0 /* Frameworks */,
				DD7C213B1AE6870D00BEB3B0 /* Resources */,
			);
			buildRules = (
			);
			dependencies = (
			);
			name = ShopnSocial;
			productName = ShopnSocial;
			productReference = DD7C213D1AE6870D00BEB3B0 /* ShopnSocial.app */;
			productType = "com.apple.product-type.application";
		};
		DD7C21551AE6870D00BEB3B0 /* ShopnSocialTests */ = {
			isa = PBXNativeTarget;
			buildConfigurationList = DD7C21631AE6870D00BEB3B0 /* Build configuration list for PBXNativeTarget "ShopnSocialTests" */;
			buildPhases = (
				DD7C21521AE6870D00BEB3B0 /* Sources */,
				DD7C21531AE6870D00BEB3B0 /* Frameworks */,
				DD7C21541AE6870D00BEB3B0 /* Resources */,
			);
			buildRules = (
			);
			dependencies = (
				DD7C21581AE6870D00BEB3B0 /* PBXTargetDependency */,
			);
			name = ShopnSocialTests;
			productName = ShopnSocialTests;
			productReference = DD7C21561AE6870D00BEB3B0 /* ShopnSocialTests.xctest */;
			productType = "com.apple.product-type.bundle.unit-test";
		};
/* End PBXNativeTarget section */

/* Begin PBXProject section */
		DD7C21351AE6870D00BEB3B0 /* Project object */ = {
			isa = PBXProject;
			attributes = {
				LastUpgradeCheck = 0630;
				ORGANIZATIONNAME = rock;
				TargetAttributes = {
					DD7C213C1AE6870D00BEB3B0 = {
						CreatedOnToolsVersion = 6.3;
					};
					DD7C21551AE6870D00BEB3B0 = {
						CreatedOnToolsVersion = 6.3;
						TestTargetID = DD7C213C1AE6870D00BEB3B0;
					};
				};
			};
			buildConfigurationList = DD7C21381AE6870D00BEB3B0 /* Build configuration list for PBXProject "ShopnSocial" */;
			compatibilityVersion = "Xcode 3.2";
			developmentRegion = English;
			hasScannedForEncodings = 0;
			knownRegions = (
				en,
				Base,
			);
			mainGroup = DD7C21341AE6870D00BEB3B0;
			productRefGroup = DD7C213E1AE6870D00BEB3B0 /* Products */;
			projectDirPath = "";
			projectRoot = "";
			targets = (
				DD7C213C1AE6870D00BEB3B0 /* ShopnSocial */,
				DD7C21551AE6870D00BEB3B0 /* ShopnSocialTests */,
			);
		};
/* End PBXProject section */

/* Begin PBXResourcesBuildPhase section */
		DD7C213B1AE6870D00BEB3B0 /* Resources */ = {
			isa = PBXResourcesBuildPhase;
			buildActionMask = 2147483647;
			files = (
				DDC47CCB1AE7B21D00759DCF /* terms.html in Resources */,
				DD7C214C1AE6870D00BEB3B0 /* Main.storyboard in Resources */,
				DD7C21511AE6870D00BEB3B0 /* LaunchScreen.xib in Resources */,
				DDC47CCA1AE7B21D00759DCF /* privacy.html in Resources */,
				DD17E3B21AF68EAE00B2C3DF /* GooglePlus.bundle in Resources */,
				DD7C214E1AE6870D00BEB3B0 /* Images.xcassets in Resources */,
			);
			runOnlyForDeploymentPostprocessing = 0;
		};
		DD7C21541AE6870D00BEB3B0 /* Resources */ = {
			isa = PBXResourcesBuildPhase;
			buildActionMask = 2147483647;
			files = (
			);
			runOnlyForDeploymentPostprocessing = 0;
		};
/* End PBXResourcesBuildPhase section */

/* Begin PBXSourcesBuildPhase section */
		DD7C21391AE6870D00BEB3B0 /* Sources */ = {
			isa = PBXSourcesBuildPhase;
			buildActionMask = 2147483647;
			files = (
				DDA1E2DE1AF78428001E5CC5 /* BrowserHomeVC.m in Sources */,
				DD8D48EC1AF1CCB300811436 /* Country.m in Sources */,
				DDA1E2D31AF77474001E5CC5 /* TabButton.m in Sources */,
				DD7009621AE6DB3E00878EE7 /* ExUIView+Border.m in Sources */,
				DDF875931AF0B731006181E5 /* ExNSString.m in Sources */,
				DDC47CC61AE784F100759DCF /* SignupVC.m in Sources */,
				DD9C85491AF4661F00E32CE3 /* User.m in Sources */,
				DDA1E2DA1AF775FB001E5CC5 /* YIInnerShadowView.m in Sources */,
				DDA1E2D91AF775FB001E5CC5 /* YIInnerShadowLayer.m in Sources */,
				DD70095F1AE6CC6F00878EE7 /* ExUILabel+AutoSize.m in Sources */,
				DDC47CCE1AE7B39800759DCF /* TermsVC.m in Sources */,
				DD7009521AE6902800878EE7 /* SplashVC.m in Sources */,
				DD9C85521AF521A200E32CE3 /* ExNSDate.m in Sources */,
				DD17E38D1AF64B8800B2C3DF /* QBUser.m in Sources */,
				DD7C21461AE6870D00BEB3B0 /* AppDelegate.m in Sources */,
				DD7C21431AE6870D00BEB3B0 /* main.m in Sources */,
				DD7009591AE6931400878EE7 /* Reachability.m in Sources */,
				DDA1E2E31AF860ED001E5CC5 /* Global.m in Sources */,
				DDC47CD11AE7B68F00759DCF /* PrivacyVC.m in Sources */,
				DD17E38A1AF6233700B2C3DF /* MBProgressHUD.m in Sources */,
				DD17E3A21AF68C1500B2C3DF /* FHSTwitterEngine.m in Sources */,
				DD9C854F1AF4F77900E32CE3 /* DatePopoverVC.m in Sources */,
				DD70095C1AE6C58600878EE7 /* LoginVC.m in Sources */,
				DD7009561AE6927700878EE7 /* ExNetwork.m in Sources */,
				DD9C854C1AF4F76000E32CE3 /* ListPopoverVC.m in Sources */,
			);
			runOnlyForDeploymentPostprocessing = 0;
		};
		DD7C21521AE6870D00BEB3B0 /* Sources */ = {
			isa = PBXSourcesBuildPhase;
			buildActionMask = 2147483647;
			files = (
				DD7C215D1AE6870D00BEB3B0 /* ShopnSocialTests.m in Sources */,
			);
			runOnlyForDeploymentPostprocessing = 0;
		};
/* End PBXSourcesBuildPhase section */

/* Begin PBXTargetDependency section */
		DD7C21581AE6870D00BEB3B0 /* PBXTargetDependency */ = {
			isa = PBXTargetDependency;
			target = DD7C213C1AE6870D00BEB3B0 /* ShopnSocial */;
			targetProxy = DD7C21571AE6870D00BEB3B0 /* PBXContainerItemProxy */;
		};
/* End PBXTargetDependency section */

/* Begin PBXVariantGroup section */
		DD7C214A1AE6870D00BEB3B0 /* Main.storyboard */ = {
			isa = PBXVariantGroup;
			children = (
				DD7C214B1AE6870D00BEB3B0 /* Base */,
			);
			name = Main.storyboard;
			sourceTree = "<group>";
		};
		DD7C214F1AE6870D00BEB3B0 /* LaunchScreen.xib */ = {
			isa = PBXVariantGroup;
			children = (
				DD7C21501AE6870D00BEB3B0 /* Base */,
			);
			name = LaunchScreen.xib;
			sourceTree = "<group>";
		};
/* End PBXVariantGroup section */

/* Begin XCBuildConfiguration section */
		DD7C215E1AE6870D00BEB3B0 /* Debug */ = {
			isa = XCBuildConfiguration;
			buildSettings = {
				ALWAYS_SEARCH_USER_PATHS = NO;
				CLANG_CXX_LANGUAGE_STANDARD = "gnu++0x";
				CLANG_CXX_LIBRARY = "libc++";
				CLANG_ENABLE_MODULES = YES;
				CLANG_ENABLE_OBJC_ARC = YES;
				CLANG_WARN_BOOL_CONVERSION = YES;
				CLANG_WARN_CONSTANT_CONVERSION = YES;
				CLANG_WARN_DIRECT_OBJC_ISA_USAGE = YES_ERROR;
				CLANG_WARN_EMPTY_BODY = YES;
				CLANG_WARN_ENUM_CONVERSION = YES;
				CLANG_WARN_INT_CONVERSION = YES;
				CLANG_WARN_OBJC_ROOT_CLASS = YES_ERROR;
				CLANG_WARN_UNREACHABLE_CODE = YES;
				CLANG_WARN__DUPLICATE_METHOD_MATCH = YES;
				"CODE_SIGN_IDENTITY[sdk=iphoneos*]" = "iPhone Developer";
				COPY_PHASE_STRIP = NO;
				DEBUG_INFORMATION_FORMAT = "dwarf-with-dsym";
				ENABLE_STRICT_OBJC_MSGSEND = YES;
				GCC_C_LANGUAGE_STANDARD = gnu99;
				GCC_DYNAMIC_NO_PIC = NO;
				GCC_NO_COMMON_BLOCKS = YES;
				GCC_OPTIMIZATION_LEVEL = 0;
				GCC_PREPROCESSOR_DEFINITIONS = (
					"DEBUG=1",
					"$(inherited)",
				);
				GCC_SYMBOLS_PRIVATE_EXTERN = NO;
				GCC_WARN_64_TO_32_BIT_CONVERSION = YES;
				GCC_WARN_ABOUT_RETURN_TYPE = YES_ERROR;
				GCC_WARN_UNDECLARED_SELECTOR = YES;
				GCC_WARN_UNINITIALIZED_AUTOS = YES_AGGRESSIVE;
				GCC_WARN_UNUSED_FUNCTION = YES;
				GCC_WARN_UNUSED_VARIABLE = YES;
				IPHONEOS_DEPLOYMENT_TARGET = 8.3;
				MTL_ENABLE_DEBUG_INFO = YES;
				ONLY_ACTIVE_ARCH = YES;
				SDKROOT = iphoneos;
				TARGETED_DEVICE_FAMILY = 2;
			};
			name = Debug;
		};
		DD7C215F1AE6870D00BEB3B0 /* Release */ = {
			isa = XCBuildConfiguration;
			buildSettings = {
				ALWAYS_SEARCH_USER_PATHS = NO;
				CLANG_CXX_LANGUAGE_STANDARD = "gnu++0x";
				CLANG_CXX_LIBRARY = "libc++";
				CLANG_ENABLE_MODULES = YES;
				CLANG_ENABLE_OBJC_ARC = YES;
				CLANG_WARN_BOOL_CONVERSION = YES;
				CLANG_WARN_CONSTANT_CONVERSION = YES;
				CLANG_WARN_DIRECT_OBJC_ISA_USAGE = YES_ERROR;
				CLANG_WARN_EMPTY_BODY = YES;
				CLANG_WARN_ENUM_CONVERSION = YES;
				CLANG_WARN_INT_CONVERSION = YES;
				CLANG_WARN_OBJC_ROOT_CLASS = YES_ERROR;
				CLANG_WARN_UNREACHABLE_CODE = YES;
				CLANG_WARN__DUPLICATE_METHOD_MATCH = YES;
				"CODE_SIGN_IDENTITY[sdk=iphoneos*]" = "iPhone Developer";
				COPY_PHASE_STRIP = NO;
				DEBUG_INFORMATION_FORMAT = "dwarf-with-dsym";
				ENABLE_NS_ASSERTIONS = NO;
				ENABLE_STRICT_OBJC_MSGSEND = YES;
				GCC_C_LANGUAGE_STANDARD = gnu99;
				GCC_NO_COMMON_BLOCKS = YES;
				GCC_WARN_64_TO_32_BIT_CONVERSION = YES;
				GCC_WARN_ABOUT_RETURN_TYPE = YES_ERROR;
				GCC_WARN_UNDECLARED_SELECTOR = YES;
				GCC_WARN_UNINITIALIZED_AUTOS = YES_AGGRESSIVE;
				GCC_WARN_UNUSED_FUNCTION = YES;
				GCC_WARN_UNUSED_VARIABLE = YES;
				IPHONEOS_DEPLOYMENT_TARGET = 8.3;
				MTL_ENABLE_DEBUG_INFO = NO;
				SDKROOT = iphoneos;
				TARGETED_DEVICE_FAMILY = 2;
				VALIDATE_PRODUCT = YES;
			};
			name = Release;
		};
		DD7C21611AE6870D00BEB3B0 /* Debug */ = {
			isa = XCBuildConfiguration;
			buildSettings = {
				ASSETCATALOG_COMPILER_APPICON_NAME = AppIcon;
				FRAMEWORK_SEARCH_PATHS = (
					"$(inherited)",
					"$(PROJECT_DIR)/ShopnSocial/Frameworks",
					"$(PROJECT_DIR)/ShopnSocial/Frameworks/FacebookSDK",
					"$(PROJECT_DIR)/ShopnSocial/Frameworks/GoogleSDK",
					"$(PROJECT_DIR)/ShopnSocial/Frameworks/TwitterSDK",
				);
				HEADER_SEARCH_PATHS = (
					"$(inherited)",
					/Applications/Xcode.app/Contents/Developer/Toolchains/XcodeDefault.xctoolchain/usr/include,
					/usr/include/libxml2,
				);
				INFOPLIST_FILE = ShopnSocial/Info.plist;
				LD_RUNPATH_SEARCH_PATHS = "$(inherited) @executable_path/Frameworks";
				OTHER_LDFLAGS = (
					"-lstdc++",
					"-ObjC",
					"-lxml2",
				);
				PRODUCT_NAME = "$(TARGET_NAME)";
			};
			name = Debug;
		};
		DD7C21621AE6870D00BEB3B0 /* Release */ = {
			isa = XCBuildConfiguration;
			buildSettings = {
				ASSETCATALOG_COMPILER_APPICON_NAME = AppIcon;
				FRAMEWORK_SEARCH_PATHS = (
					"$(inherited)",
					"$(PROJECT_DIR)/ShopnSocial/Frameworks",
					"$(PROJECT_DIR)/ShopnSocial/Frameworks/FacebookSDK",
					"$(PROJECT_DIR)/ShopnSocial/Frameworks/GoogleSDK",
					"$(PROJECT_DIR)/ShopnSocial/Frameworks/TwitterSDK",
				);
				HEADER_SEARCH_PATHS = (
					"$(inherited)",
					/Applications/Xcode.app/Contents/Developer/Toolchains/XcodeDefault.xctoolchain/usr/include,
					/usr/include/libxml2,
				);
				INFOPLIST_FILE = ShopnSocial/Info.plist;
				LD_RUNPATH_SEARCH_PATHS = "$(inherited) @executable_path/Frameworks";
				OTHER_LDFLAGS = (
					"-lstdc++",
					"-ObjC",
					"-lxml2",
				);
				PRODUCT_NAME = "$(TARGET_NAME)";
			};
			name = Release;
		};
		DD7C21641AE6870D00BEB3B0 /* Debug */ = {
			isa = XCBuildConfiguration;
			buildSettings = {
				BUNDLE_LOADER = "$(TEST_HOST)";
				FRAMEWORK_SEARCH_PATHS = (
					"$(SDKROOT)/Developer/Library/Frameworks",
					"$(inherited)",
					"$(PROJECT_DIR)/ShopnSocial/Frameworks",
					"$(PROJECT_DIR)/ShopnSocial/Frameworks/GoogleSDK",
				);
				GCC_PREPROCESSOR_DEFINITIONS = (
					"DEBUG=1",
					"$(inherited)",
				);
				HEADER_SEARCH_PATHS = (
					"$(inherited)",
					/Applications/Xcode.app/Contents/Developer/Toolchains/XcodeDefault.xctoolchain/usr/include,
					/usr/include/libxml2,
				);
				INFOPLIST_FILE = ShopnSocialTests/Info.plist;
				LD_RUNPATH_SEARCH_PATHS = "$(inherited) @executable_path/Frameworks @loader_path/Frameworks";
				PRODUCT_NAME = "$(TARGET_NAME)";
				TEST_HOST = "$(BUILT_PRODUCTS_DIR)/ShopnSocial.app/ShopnSocial";
			};
			name = Debug;
		};
		DD7C21651AE6870D00BEB3B0 /* Release */ = {
			isa = XCBuildConfiguration;
			buildSettings = {
				BUNDLE_LOADER = "$(TEST_HOST)";
				FRAMEWORK_SEARCH_PATHS = (
					"$(SDKROOT)/Developer/Library/Frameworks",
					"$(inherited)",
					"$(PROJECT_DIR)/ShopnSocial/Frameworks",
					"$(PROJECT_DIR)/ShopnSocial/Frameworks/GoogleSDK",
				);
				HEADER_SEARCH_PATHS = (
					"$(inherited)",
					/Applications/Xcode.app/Contents/Developer/Toolchains/XcodeDefault.xctoolchain/usr/include,
					/usr/include/libxml2,
				);
				INFOPLIST_FILE = ShopnSocialTests/Info.plist;
				LD_RUNPATH_SEARCH_PATHS = "$(inherited) @executable_path/Frameworks @loader_path/Frameworks";
				PRODUCT_NAME = "$(TARGET_NAME)";
				TEST_HOST = "$(BUILT_PRODUCTS_DIR)/ShopnSocial.app/ShopnSocial";
			};
			name = Release;
		};
/* End XCBuildConfiguration section */

/* Begin XCConfigurationList section */
		DD7C21381AE6870D00BEB3B0 /* Build configuration list for PBXProject "ShopnSocial" */ = {
			isa = XCConfigurationList;
			buildConfigurations = (
				DD7C215E1AE6870D00BEB3B0 /* Debug */,
				DD7C215F1AE6870D00BEB3B0 /* Release */,
			);
			defaultConfigurationIsVisible = 0;
			defaultConfigurationName = Release;
		};
		DD7C21601AE6870D00BEB3B0 /* Build configuration list for PBXNativeTarget "ShopnSocial" */ = {
			isa = XCConfigurationList;
			buildConfigurations = (
				DD7C21611AE6870D00BEB3B0 /* Debug */,
				DD7C21621AE6870D00BEB3B0 /* Release */,
			);
			defaultConfigurationIsVisible = 0;
			defaultConfigurationName = Release;
		};
		DD7C21631AE6870D00BEB3B0 /* Build configuration list for PBXNativeTarget "ShopnSocialTests" */ = {
			isa = XCConfigurationList;
			buildConfigurations = (
				DD7C21641AE6870D00BEB3B0 /* Debug */,
				DD7C21651AE6870D00BEB3B0 /* Release */,
			);
			defaultConfigurationIsVisible = 0;
			defaultConfigurationName = Release;
		};
/* End XCConfigurationList section */
	};
	rootObject = DD7C21351AE6870D00BEB3B0 /* Project object */;
}
