// !$*UTF8*$!
{
	archiveVersion = 1;
	classes = {
	};
	objectVersion = 46;
	objects = {

/* Begin PBXBuildFile section */
		DD7009521AE6902800878EE7 /* SplashVC.m in Sources */ = {isa = PBXBuildFile; fileRef = DD7009511AE6902800878EE7 /* SplashVC.m */; };
		DD7009561AE6927700878EE7 /* ExNetwork.m in Sources */ = {isa = PBXBuildFile; fileRef = DD7009551AE6927700878EE7 /* ExNetwork.m */; };
		DD7009591AE6931400878EE7 /* Reachability.m in Sources */ = {isa = PBXBuildFile; fileRef = DD7009581AE6931400878EE7 /* Reachability.m */; };
		DD70095C1AE6C58600878EE7 /* LoginVC.m in Sources */ = {isa = PBXBuildFile; fileRef = DD70095B1AE6C58600878EE7 /* LoginVC.m */; };
		DD70095F1AE6CC6F00878EE7 /* ExUILabel+AutoSize.m in Sources */ = {isa = PBXBuildFile; fileRef = DD70095E1AE6CC6F00878EE7 /* ExUILabel+AutoSize.m */; };
		DD7009621AE6DB3E00878EE7 /* ExUIView+Border.m in Sources */ = {isa = PBXBuildFile; fileRef = DD7009611AE6DB3E00878EE7 /* ExUIView+Border.m */; };
		DD7C21431AE6870D00BEB3B0 /* main.m in Sources */ = {isa = PBXBuildFile; fileRef = DD7C21421AE6870D00BEB3B0 /* main.m */; };
		DD7C21461AE6870D00BEB3B0 /* AppDelegate.m in Sources */ = {isa = PBXBuildFile; fileRef = DD7C21451AE6870D00BEB3B0 /* AppDelegate.m */; };
		DD7C21491AE6870D00BEB3B0 /* ViewController.m in Sources */ = {isa = PBXBuildFile; fileRef = DD7C21481AE6870D00BEB3B0 /* ViewController.m */; };
		DD7C214C1AE6870D00BEB3B0 /* Main.storyboard in Resources */ = {isa = PBXBuildFile; fileRef = DD7C214A1AE6870D00BEB3B0 /* Main.storyboard */; };
		DD7C214E1AE6870D00BEB3B0 /* Images.xcassets in Resources */ = {isa = PBXBuildFile; fileRef = DD7C214D1AE6870D00BEB3B0 /* Images.xcassets */; };
		DD7C21511AE6870D00BEB3B0 /* LaunchScreen.xib in Resources */ = {isa = PBXBuildFile; fileRef = DD7C214F1AE6870D00BEB3B0 /* LaunchScreen.xib */; };
		DD7C215D1AE6870D00BEB3B0 /* ShopnSocialTests.m in Sources */ = {isa = PBXBuildFile; fileRef = DD7C215C1AE6870D00BEB3B0 /* ShopnSocialTests.m */; };
/* End PBXBuildFile section */

/* Begin PBXContainerItemProxy section */
		DD7C21571AE6870D00BEB3B0 /* PBXContainerItemProxy */ = {
			isa = PBXContainerItemProxy;
			containerPortal = DD7C21351AE6870D00BEB3B0 /* Project object */;
			proxyType = 1;
			remoteGlobalIDString = DD7C213C1AE6870D00BEB3B0;
			remoteInfo = ShopnSocial;
		};
/* End PBXContainerItemProxy section */

/* Begin PBXFileReference section */
		DD7009501AE6902800878EE7 /* SplashVC.h */ = {isa = PBXFileReference; fileEncoding = 4; lastKnownFileType = sourcecode.c.h; path = SplashVC.h; sourceTree = "<group>"; };
		DD7009511AE6902800878EE7 /* SplashVC.m */ = {isa = PBXFileReference; fileEncoding = 4; lastKnownFileType = sourcecode.c.objc; path = SplashVC.m; sourceTree = "<group>"; };
		DD7009541AE6927700878EE7 /* ExNetwork.h */ = {isa = PBXFileReference; fileEncoding = 4; lastKnownFileType = sourcecode.c.h; path = ExNetwork.h; sourceTree = "<group>"; };
		DD7009551AE6927700878EE7 /* ExNetwork.m */ = {isa = PBXFileReference; fileEncoding = 4; lastKnownFileType = sourcecode.c.objc; path = ExNetwork.m; sourceTree = "<group>"; };
		DD7009571AE6931400878EE7 /* Reachability.h */ = {isa = PBXFileReference; fileEncoding = 4; lastKnownFileType = sourcecode.c.h; path = Reachability.h; sourceTree = "<group>"; };
		DD7009581AE6931400878EE7 /* Reachability.m */ = {isa = PBXFileReference; fileEncoding = 4; lastKnownFileType = sourcecode.c.objc; path = Reachability.m; sourceTree = "<group>"; };
		DD70095A1AE6C58600878EE7 /* LoginVC.h */ = {isa = PBXFileReference; fileEncoding = 4; lastKnownFileType = sourcecode.c.h; path = LoginVC.h; sourceTree = "<group>"; };
		DD70095B1AE6C58600878EE7 /* LoginVC.m */ = {isa = PBXFileReference; fileEncoding = 4; lastKnownFileType = sourcecode.c.objc; path = LoginVC.m; sourceTree = "<group>"; };
		DD70095D1AE6CC6F00878EE7 /* ExUILabel+AutoSize.h */ = {isa = PBXFileReference; fileEncoding = 4; lastKnownFileType = sourcecode.c.h; path = "ExUILabel+AutoSize.h"; sourceTree = "<group>"; };
		DD70095E1AE6CC6F00878EE7 /* ExUILabel+AutoSize.m */ = {isa = PBXFileReference; fileEncoding = 4; lastKnownFileType = sourcecode.c.objc; path = "ExUILabel+AutoSize.m"; sourceTree = "<group>"; };
		DD7009601AE6DB3E00878EE7 /* ExUIView+Border.h */ = {isa = PBXFileReference; fileEncoding = 4; lastKnownFileType = sourcecode.c.h; path = "ExUIView+Border.h"; sourceTree = "<group>"; };
		DD7009611AE6DB3E00878EE7 /* ExUIView+Border.m */ = {isa = PBXFileReference; fileEncoding = 4; lastKnownFileType = sourcecode.c.objc; path = "ExUIView+Border.m"; sourceTree = "<group>"; };
		DD7C213D1AE6870D00BEB3B0 /* ShopnSocial.app */ = {isa = PBXFileReference; explicitFileType = wrapper.application; includeInIndex = 0; path = ShopnSocial.app; sourceTree = BUILT_PRODUCTS_DIR; };
		DD7C21411AE6870D00BEB3B0 /* Info.plist */ = {isa = PBXFileReference; lastKnownFileType = text.plist.xml; path = Info.plist; sourceTree = "<group>"; };
		DD7C21421AE6870D00BEB3B0 /* main.m */ = {isa = PBXFileReference; lastKnownFileType = sourcecode.c.objc; path = main.m; sourceTree = "<group>"; };
		DD7C21441AE6870D00BEB3B0 /* AppDelegate.h */ = {isa = PBXFileReference; lastKnownFileType = sourcecode.c.h; path = AppDelegate.h; sourceTree = "<group>"; };
		DD7C21451AE6870D00BEB3B0 /* AppDelegate.m */ = {isa = PBXFileReference; lastKnownFileType = sourcecode.c.objc; path = AppDelegate.m; sourceTree = "<group>"; };
		DD7C21471AE6870D00BEB3B0 /* ViewController.h */ = {isa = PBXFileReference; lastKnownFileType = sourcecode.c.h; name = ViewController.h; path = ShopnSocial/ViewController.h; sourceTree = SOURCE_ROOT; };
		DD7C21481AE6870D00BEB3B0 /* ViewController.m */ = {isa = PBXFileReference; lastKnownFileType = sourcecode.c.objc; name = ViewController.m; path = ShopnSocial/ViewController.m; sourceTree = SOURCE_ROOT; };
		DD7C214B1AE6870D00BEB3B0 /* Base */ = {isa = PBXFileReference; lastKnownFileType = file.storyboard; name = Base; path = Base.lproj/Main.storyboard; sourceTree = "<group>"; };
		DD7C214D1AE6870D00BEB3B0 /* Images.xcassets */ = {isa = PBXFileReference; lastKnownFileType = folder.assetcatalog; path = Images.xcassets; sourceTree = "<group>"; };
		DD7C21501AE6870D00BEB3B0 /* Base */ = {isa = PBXFileReference; lastKnownFileType = file.xib; name = Base; path = Base.lproj/LaunchScreen.xib; sourceTree = "<group>"; };
		DD7C21561AE6870D00BEB3B0 /* ShopnSocialTests.xctest */ = {isa = PBXFileReference; explicitFileType = wrapper.cfbundle; includeInIndex = 0; path = ShopnSocialTests.xctest; sourceTree = BUILT_PRODUCTS_DIR; };
		DD7C215B1AE6870D00BEB3B0 /* Info.plist */ = {isa = PBXFileReference; lastKnownFileType = text.plist.xml; path = Info.plist; sourceTree = "<group>"; };
		DD7C215C1AE6870D00BEB3B0 /* ShopnSocialTests.m */ = {isa = PBXFileReference; lastKnownFileType = sourcecode.c.objc; path = ShopnSocialTests.m; sourceTree = "<group>"; };
/* End PBXFileReference section */

/* Begin PBXFrameworksBuildPhase section */
		DD7C213A1AE6870D00BEB3B0 /* Frameworks */ = {
			isa = PBXFrameworksBuildPhase;
			buildActionMask = 2147483647;
			files = (
			);
			runOnlyForDeploymentPostprocessing = 0;
		};
		DD7C21531AE6870D00BEB3B0 /* Frameworks */ = {
			isa = PBXFrameworksBuildPhase;
			buildActionMask = 2147483647;
			files = (
			);
			runOnlyForDeploymentPostprocessing = 0;
		};
/* End PBXFrameworksBuildPhase section */

/* Begin PBXGroup section */
		DD70094E1AE68F5E00878EE7 /* ViewController */ = {
			isa = PBXGroup;
			children = (
				DD70094F1AE6900800878EE7 /* Launch */,
			);
			path = ViewController;
			sourceTree = "<group>";
		};
		DD70094F1AE6900800878EE7 /* Launch */ = {
			isa = PBXGroup;
			children = (
				DD7009501AE6902800878EE7 /* SplashVC.h */,
				DD7009511AE6902800878EE7 /* SplashVC.m */,
				DD70095A1AE6C58600878EE7 /* LoginVC.h */,
				DD70095B1AE6C58600878EE7 /* LoginVC.m */,
			);
			path = Launch;
			sourceTree = "<group>";
		};
		DD7009531AE690AD00878EE7 /* Utilities */ = {
			isa = PBXGroup;
			children = (
				DD7009571AE6931400878EE7 /* Reachability.h */,
				DD7009581AE6931400878EE7 /* Reachability.m */,
				DD7009541AE6927700878EE7 /* ExNetwork.h */,
				DD7009551AE6927700878EE7 /* ExNetwork.m */,
				DD70095D1AE6CC6F00878EE7 /* ExUILabel+AutoSize.h */,
				DD70095E1AE6CC6F00878EE7 /* ExUILabel+AutoSize.m */,
				DD7009601AE6DB3E00878EE7 /* ExUIView+Border.h */,
				DD7009611AE6DB3E00878EE7 /* ExUIView+Border.m */,
			);
			path = Utilities;
			sourceTree = "<group>";
		};
		DD7C21341AE6870D00BEB3B0 = {
			isa = PBXGroup;
			children = (
				DD7C213F1AE6870D00BEB3B0 /* ShopnSocial */,
				DD7C21591AE6870D00BEB3B0 /* ShopnSocialTests */,
				DD7C213E1AE6870D00BEB3B0 /* Products */,
			);
			sourceTree = "<group>";
		};
		DD7C213E1AE6870D00BEB3B0 /* Products */ = {
			isa = PBXGroup;
			children = (
				DD7C213D1AE6870D00BEB3B0 /* ShopnSocial.app */,
				DD7C21561AE6870D00BEB3B0 /* ShopnSocialTests.xctest */,
			);
			name = Products;
			sourceTree = "<group>";
		};
		DD7C213F1AE6870D00BEB3B0 /* ShopnSocial */ = {
			isa = PBXGroup;
			children = (
				DD7009531AE690AD00878EE7 /* Utilities */,
				DD70094E1AE68F5E00878EE7 /* ViewController */,
				DD7C21471AE6870D00BEB3B0 /* ViewController.h */,
				DD7C21481AE6870D00BEB3B0 /* ViewController.m */,
				DD7C21441AE6870D00BEB3B0 /* AppDelegate.h */,
				DD7C21451AE6870D00BEB3B0 /* AppDelegate.m */,
				DD7C214A1AE6870D00BEB3B0 /* Main.storyboard */,
				DD7C214D1AE6870D00BEB3B0 /* Images.xcassets */,
				DD7C214F1AE6870D00BEB3B0 /* LaunchScreen.xib */,
				DD7C21401AE6870D00BEB3B0 /* Supporting Files */,
			);
			path = ShopnSocial;
			sourceTree = "<group>";
		};
		DD7C21401AE6870D00BEB3B0 /* Supporting Files */ = {
			isa = PBXGroup;
			children = (
				DD7C21411AE6870D00BEB3B0 /* Info.plist */,
				DD7C21421AE6870D00BEB3B0 /* main.m */,
			);
			name = "Supporting Files";
			sourceTree = "<group>";
		};
		DD7C21591AE6870D00BEB3B0 /* ShopnSocialTests */ = {
			isa = PBXGroup;
			children = (
				DD7C215C1AE6870D00BEB3B0 /* ShopnSocialTests.m */,
				DD7C215A1AE6870D00BEB3B0 /* Supporting Files */,
			);
			path = ShopnSocialTests;
			sourceTree = "<group>";
		};
		DD7C215A1AE6870D00BEB3B0 /* Supporting Files */ = {
			isa = PBXGroup;
			children = (
				DD7C215B1AE6870D00BEB3B0 /* Info.plist */,
			);
			name = "Supporting Files";
			sourceTree = "<group>";
		};
/* End PBXGroup section */

/* Begin PBXNativeTarget section */
		DD7C213C1AE6870D00BEB3B0 /* ShopnSocial */ = {
			isa = PBXNativeTarget;
			buildConfigurationList = DD7C21601AE6870D00BEB3B0 /* Build configuration list for PBXNativeTarget "ShopnSocial" */;
			buildPhases = (
				DD7C21391AE6870D00BEB3B0 /* Sources */,
				DD7C213A1AE6870D00BEB3B0 /* Frameworks */,
				DD7C213B1AE6870D00BEB3B0 /* Resources */,
			);
			buildRules = (
			);
			dependencies = (
			);
			name = ShopnSocial;
			productName = ShopnSocial;
			productReference = DD7C213D1AE6870D00BEB3B0 /* ShopnSocial.app */;
			productType = "com.apple.product-type.application";
		};
		DD7C21551AE6870D00BEB3B0 /* ShopnSocialTests */ = {
			isa = PBXNativeTarget;
			buildConfigurationList = DD7C21631AE6870D00BEB3B0 /* Build configuration list for PBXNativeTarget "ShopnSocialTests" */;
			buildPhases = (
				DD7C21521AE6870D00BEB3B0 /* Sources */,
				DD7C21531AE6870D00BEB3B0 /* Frameworks */,
				DD7C21541AE6870D00BEB3B0 /* Resources */,
			);
			buildRules = (
			);
			dependencies = (
				DD7C21581AE6870D00BEB3B0 /* PBXTargetDependency */,
			);
			name = ShopnSocialTests;
			productName = ShopnSocialTests;
			productReference = DD7C21561AE6870D00BEB3B0 /* ShopnSocialTests.xctest */;
			productType = "com.apple.product-type.bundle.unit-test";
		};
/* End PBXNativeTarget section */

/* Begin PBXProject section */
		DD7C21351AE6870D00BEB3B0 /* Project object */ = {
			isa = PBXProject;
			attributes = {
				LastUpgradeCheck = 0630;
				ORGANIZATIONNAME = rock;
				TargetAttributes = {
					DD7C213C1AE6870D00BEB3B0 = {
						CreatedOnToolsVersion = 6.3;
					};
					DD7C21551AE6870D00BEB3B0 = {
						CreatedOnToolsVersion = 6.3;
						TestTargetID = DD7C213C1AE6870D00BEB3B0;
					};
				};
			};
			buildConfigurationList = DD7C21381AE6870D00BEB3B0 /* Build configuration list for PBXProject "ShopnSocial" */;
			compatibilityVersion = "Xcode 3.2";
			developmentRegion = English;
			hasScannedForEncodings = 0;
			knownRegions = (
				en,
				Base,
			);
			mainGroup = DD7C21341AE6870D00BEB3B0;
			productRefGroup = DD7C213E1AE6870D00BEB3B0 /* Products */;
			projectDirPath = "";
			projectRoot = "";
			targets = (
				DD7C213C1AE6870D00BEB3B0 /* ShopnSocial */,
				DD7C21551AE6870D00BEB3B0 /* ShopnSocialTests */,
			);
		};
/* End PBXProject section */

/* Begin PBXResourcesBuildPhase section */
		DD7C213B1AE6870D00BEB3B0 /* Resources */ = {
			isa = PBXResourcesBuildPhase;
			buildActionMask = 2147483647;
			files = (
				DD7C214C1AE6870D00BEB3B0 /* Main.storyboard in Resources */,
				DD7C21511AE6870D00BEB3B0 /* LaunchScreen.xib in Resources */,
				DD7C214E1AE6870D00BEB3B0 /* Images.xcassets in Resources */,
			);
			runOnlyForDeploymentPostprocessing = 0;
		};
		DD7C21541AE6870D00BEB3B0 /* Resources */ = {
			isa = PBXResourcesBuildPhase;
			buildActionMask = 2147483647;
			files = (
			);
			runOnlyForDeploymentPostprocessing = 0;
		};
/* End PBXResourcesBuildPhase section */

/* Begin PBXSourcesBuildPhase section */
		DD7C21391AE6870D00BEB3B0 /* Sources */ = {
			isa = PBXSourcesBuildPhase;
			buildActionMask = 2147483647;
			files = (
				DD7009621AE6DB3E00878EE7 /* ExUIView+Border.m in Sources */,
				DD7C21491AE6870D00BEB3B0 /* ViewController.m in Sources */,
				DD70095F1AE6CC6F00878EE7 /* ExUILabel+AutoSize.m in Sources */,
				DD7009521AE6902800878EE7 /* SplashVC.m in Sources */,
				DD7C21461AE6870D00BEB3B0 /* AppDelegate.m in Sources */,
				DD7C21431AE6870D00BEB3B0 /* main.m in Sources */,
				DD7009591AE6931400878EE7 /* Reachability.m in Sources */,
				DD70095C1AE6C58600878EE7 /* LoginVC.m in Sources */,
				DD7009561AE6927700878EE7 /* ExNetwork.m in Sources */,
			);
			runOnlyForDeploymentPostprocessing = 0;
		};
		DD7C21521AE6870D00BEB3B0 /* Sources */ = {
			isa = PBXSourcesBuildPhase;
			buildActionMask = 2147483647;
			files = (
				DD7C215D1AE6870D00BEB3B0 /* ShopnSocialTests.m in Sources */,
			);
			runOnlyForDeploymentPostprocessing = 0;
		};
/* End PBXSourcesBuildPhase section */

/* Begin PBXTargetDependency section */
		DD7C21581AE6870D00BEB3B0 /* PBXTargetDependency */ = {
			isa = PBXTargetDependency;
			target = DD7C213C1AE6870D00BEB3B0 /* ShopnSocial */;
			targetProxy = DD7C21571AE6870D00BEB3B0 /* PBXContainerItemProxy */;
		};
/* End PBXTargetDependency section */

/* Begin PBXVariantGroup section */
		DD7C214A1AE6870D00BEB3B0 /* Main.storyboard */ = {
			isa = PBXVariantGroup;
			children = (
				DD7C214B1AE6870D00BEB3B0 /* Base */,
			);
			name = Main.storyboard;
			sourceTree = "<group>";
		};
		DD7C214F1AE6870D00BEB3B0 /* LaunchScreen.xib */ = {
			isa = PBXVariantGroup;
			children = (
				DD7C21501AE6870D00BEB3B0 /* Base */,
			);
			name = LaunchScreen.xib;
			sourceTree = "<group>";
		};
/* End PBXVariantGroup section */

/* Begin XCBuildConfiguration section */
		DD7C215E1AE6870D00BEB3B0 /* Debug */ = {
			isa = XCBuildConfiguration;
			buildSettings = {
				ALWAYS_SEARCH_USER_PATHS = NO;
				CLANG_CXX_LANGUAGE_STANDARD = "gnu++0x";
				CLANG_CXX_LIBRARY = "libc++";
				CLANG_ENABLE_MODULES = YES;
				CLANG_ENABLE_OBJC_ARC = YES;
				CLANG_WARN_BOOL_CONVERSION = YES;
				CLANG_WARN_CONSTANT_CONVERSION = YES;
				CLANG_WARN_DIRECT_OBJC_ISA_USAGE = YES_ERROR;
				CLANG_WARN_EMPTY_BODY = YES;
				CLANG_WARN_ENUM_CONVERSION = YES;
				CLANG_WARN_INT_CONVERSION = YES;
				CLANG_WARN_OBJC_ROOT_CLASS = YES_ERROR;
				CLANG_WARN_UNREACHABLE_CODE = YES;
				CLANG_WARN__DUPLICATE_METHOD_MATCH = YES;
				"CODE_SIGN_IDENTITY[sdk=iphoneos*]" = "iPhone Developer";
				COPY_PHASE_STRIP = NO;
				DEBUG_INFORMATION_FORMAT = "dwarf-with-dsym";
				ENABLE_STRICT_OBJC_MSGSEND = YES;
				GCC_C_LANGUAGE_STANDARD = gnu99;
				GCC_DYNAMIC_NO_PIC = NO;
				GCC_NO_COMMON_BLOCKS = YES;
				GCC_OPTIMIZATION_LEVEL = 0;
				GCC_PREPROCESSOR_DEFINITIONS = (
					"DEBUG=1",
					"$(inherited)",
				);
				GCC_SYMBOLS_PRIVATE_EXTERN = NO;
				GCC_WARN_64_TO_32_BIT_CONVERSION = YES;
				GCC_WARN_ABOUT_RETURN_TYPE = YES_ERROR;
				GCC_WARN_UNDECLARED_SELECTOR = YES;
				GCC_WARN_UNINITIALIZED_AUTOS = YES_AGGRESSIVE;
				GCC_WARN_UNUSED_FUNCTION = YES;
				GCC_WARN_UNUSED_VARIABLE = YES;
				IPHONEOS_DEPLOYMENT_TARGET = 8.3;
				MTL_ENABLE_DEBUG_INFO = YES;
				ONLY_ACTIVE_ARCH = YES;
				SDKROOT = iphoneos;
				TARGETED_DEVICE_FAMILY = 2;
			};
			name = Debug;
		};
		DD7C215F1AE6870D00BEB3B0 /* Release */ = {
			isa = XCBuildConfiguration;
			buildSettings = {
				ALWAYS_SEARCH_USER_PATHS = NO;
				CLANG_CXX_LANGUAGE_STANDARD = "gnu++0x";
				CLANG_CXX_LIBRARY = "libc++";
				CLANG_ENABLE_MODULES = YES;
				CLANG_ENABLE_OBJC_ARC = YES;
				CLANG_WARN_BOOL_CONVERSION = YES;
				CLANG_WARN_CONSTANT_CONVERSION = YES;
				CLANG_WARN_DIRECT_OBJC_ISA_USAGE = YES_ERROR;
				CLANG_WARN_EMPTY_BODY = YES;
				CLANG_WARN_ENUM_CONVERSION = YES;
				CLANG_WARN_INT_CONVERSION = YES;
				CLANG_WARN_OBJC_ROOT_CLASS = YES_ERROR;
				CLANG_WARN_UNREACHABLE_CODE = YES;
				CLANG_WARN__DUPLICATE_METHOD_MATCH = YES;
				"CODE_SIGN_IDENTITY[sdk=iphoneos*]" = "iPhone Developer";
				COPY_PHASE_STRIP = NO;
				DEBUG_INFORMATION_FORMAT = "dwarf-with-dsym";
				ENABLE_NS_ASSERTIONS = NO;
				ENABLE_STRICT_OBJC_MSGSEND = YES;
				GCC_C_LANGUAGE_STANDARD = gnu99;
				GCC_NO_COMMON_BLOCKS = YES;
				GCC_WARN_64_TO_32_BIT_CONVERSION = YES;
				GCC_WARN_ABOUT_RETURN_TYPE = YES_ERROR;
				GCC_WARN_UNDECLARED_SELECTOR = YES;
				GCC_WARN_UNINITIALIZED_AUTOS = YES_AGGRESSIVE;
				GCC_WARN_UNUSED_FUNCTION = YES;
				GCC_WARN_UNUSED_VARIABLE = YES;
				IPHONEOS_DEPLOYMENT_TARGET = 8.3;
				MTL_ENABLE_DEBUG_INFO = NO;
				SDKROOT = iphoneos;
				TARGETED_DEVICE_FAMILY = 2;
				VALIDATE_PRODUCT = YES;
			};
			name = Release;
		};
		DD7C21611AE6870D00BEB3B0 /* Debug */ = {
			isa = XCBuildConfiguration;
			buildSettings = {
				ASSETCATALOG_COMPILER_APPICON_NAME = AppIcon;
				INFOPLIST_FILE = ShopnSocial/Info.plist;
				LD_RUNPATH_SEARCH_PATHS = "$(inherited) @executable_path/Frameworks";
				PRODUCT_NAME = "$(TARGET_NAME)";
			};
			name = Debug;
		};
		DD7C21621AE6870D00BEB3B0 /* Release */ = {
			isa = XCBuildConfiguration;
			buildSettings = {
				ASSETCATALOG_COMPILER_APPICON_NAME = AppIcon;
				INFOPLIST_FILE = ShopnSocial/Info.plist;
				LD_RUNPATH_SEARCH_PATHS = "$(inherited) @executable_path/Frameworks";
				PRODUCT_NAME = "$(TARGET_NAME)";
			};
			name = Release;
		};
		DD7C21641AE6870D00BEB3B0 /* Debug */ = {
			isa = XCBuildConfiguration;
			buildSettings = {
				BUNDLE_LOADER = "$(TEST_HOST)";
				FRAMEWORK_SEARCH_PATHS = (
					"$(SDKROOT)/Developer/Library/Frameworks",
					"$(inherited)",
				);
				GCC_PREPROCESSOR_DEFINITIONS = (
					"DEBUG=1",
					"$(inherited)",
				);
				INFOPLIST_FILE = ShopnSocialTests/Info.plist;
				LD_RUNPATH_SEARCH_PATHS = "$(inherited) @executable_path/Frameworks @loader_path/Frameworks";
				PRODUCT_NAME = "$(TARGET_NAME)";
				TEST_HOST = "$(BUILT_PRODUCTS_DIR)/ShopnSocial.app/ShopnSocial";
			};
			name = Debug;
		};
		DD7C21651AE6870D00BEB3B0 /* Release */ = {
			isa = XCBuildConfiguration;
			buildSettings = {
				BUNDLE_LOADER = "$(TEST_HOST)";
				FRAMEWORK_SEARCH_PATHS = (
					"$(SDKROOT)/Developer/Library/Frameworks",
					"$(inherited)",
				);
				INFOPLIST_FILE = ShopnSocialTests/Info.plist;
				LD_RUNPATH_SEARCH_PATHS = "$(inherited) @executable_path/Frameworks @loader_path/Frameworks";
				PRODUCT_NAME = "$(TARGET_NAME)";
				TEST_HOST = "$(BUILT_PRODUCTS_DIR)/ShopnSocial.app/ShopnSocial";
			};
			name = Release;
		};
/* End XCBuildConfiguration section */

/* Begin XCConfigurationList section */
		DD7C21381AE6870D00BEB3B0 /* Build configuration list for PBXProject "ShopnSocial" */ = {
			isa = XCConfigurationList;
			buildConfigurations = (
				DD7C215E1AE6870D00BEB3B0 /* Debug */,
				DD7C215F1AE6870D00BEB3B0 /* Release */,
			);
			defaultConfigurationIsVisible = 0;
			defaultConfigurationName = Release;
		};
		DD7C21601AE6870D00BEB3B0 /* Build configuration list for PBXNativeTarget "ShopnSocial" */ = {
			isa = XCConfigurationList;
			buildConfigurations = (
				DD7C21611AE6870D00BEB3B0 /* Debug */,
				DD7C21621AE6870D00BEB3B0 /* Release */,
			);
			defaultConfigurationIsVisible = 0;
			defaultConfigurationName = Release;
		};
		DD7C21631AE6870D00BEB3B0 /* Build configuration list for PBXNativeTarget "ShopnSocialTests" */ = {
			isa = XCConfigurationList;
			buildConfigurations = (
				DD7C21641AE6870D00BEB3B0 /* Debug */,
				DD7C21651AE6870D00BEB3B0 /* Release */,
			);
			defaultConfigurationIsVisible = 0;
			defaultConfigurationName = Release;
		};
/* End XCConfigurationList section */
	};
	rootObject = DD7C21351AE6870D00BEB3B0 /* Project object */;
}
